// !$*UTF8*$!
{
	archiveVersion = 1;
	classes = {
	};
	objectVersion = 60;
	objects = {

/* Begin PBXBuildFile section */
		B22447652B06EF75001E2BEB /* JoinMainViewController.swift in Sources */ = {isa = PBXBuildFile; fileRef = B22447642B06EF75001E2BEB /* JoinMainViewController.swift */; };
		B22447742B06F3F0001E2BEB /* Integration in Frameworks */ = {isa = PBXBuildFile; productRef = B22447732B06F3F0001E2BEB /* Integration */; };
		B22447762B06F816001E2BEB /* Application.swift in Sources */ = {isa = PBXBuildFile; fileRef = B22447752B06F816001E2BEB /* Application.swift */; };
		B22447782B06F895001E2BEB /* AppDependencies.swift in Sources */ = {isa = PBXBuildFile; fileRef = B22447772B06F895001E2BEB /* AppDependencies.swift */; };
		B224477A2B06F996001E2BEB /* AppConfiguration.swift in Sources */ = {isa = PBXBuildFile; fileRef = B22447792B06F996001E2BEB /* AppConfiguration.swift */; };
		B22447842B0853AD001E2BEB /* JoinMainViewModel.swift in Sources */ = {isa = PBXBuildFile; fileRef = B22447832B0853AD001E2BEB /* JoinMainViewModel.swift */; };
		B22447862B0853E3001E2BEB /* ApplyJoinUseCase.swift in Sources */ = {isa = PBXBuildFile; fileRef = B22447852B0853E3001E2BEB /* ApplyJoinUseCase.swift */; };
		B22447882B085407001E2BEB /* JoinRepository.swift in Sources */ = {isa = PBXBuildFile; fileRef = B22447872B085407001E2BEB /* JoinRepository.swift */; };
		B224478A2B085424001E2BEB /* JoinResultEntity.swift in Sources */ = {isa = PBXBuildFile; fileRef = B22447892B085424001E2BEB /* JoinResultEntity.swift */; };
		B224478C2B08ACD2001E2BEB /* AppCoordinator.swift in Sources */ = {isa = PBXBuildFile; fileRef = B224478B2B08ACD2001E2BEB /* AppCoordinator.swift */; };
		B224478E2B08B066001E2BEB /* JoinNavigator.swift in Sources */ = {isa = PBXBuildFile; fileRef = B224478D2B08B066001E2BEB /* JoinNavigator.swift */; };
		B22447912B08B0BC001E2BEB /* JoinCoordinator.swift in Sources */ = {isa = PBXBuildFile; fileRef = B22447902B08B0BC001E2BEB /* JoinCoordinator.swift */; };
		B22447942B08E81B001E2BEB /* JoinResultModel.swift in Sources */ = {isa = PBXBuildFile; fileRef = B22447932B08E81B001E2BEB /* JoinResultModel.swift */; };
		B22447962B08E9A6001E2BEB /* JoinMapper.swift in Sources */ = {isa = PBXBuildFile; fileRef = B22447952B08E9A6001E2BEB /* JoinMapper.swift */; };
		B22447982B08EA91001E2BEB /* JoinDetailViewController.swift in Sources */ = {isa = PBXBuildFile; fileRef = B22447972B08EA91001E2BEB /* JoinDetailViewController.swift */; };
		B224479C2B08EAF4001E2BEB /* MineMainViewController.swift in Sources */ = {isa = PBXBuildFile; fileRef = B224479B2B08EAF4001E2BEB /* MineMainViewController.swift */; };
		B224479E2B08EB47001E2BEB /* JoinDetailViewModel.swift in Sources */ = {isa = PBXBuildFile; fileRef = B224479D2B08EB47001E2BEB /* JoinDetailViewModel.swift */; };
		B226F4042B061AD300E10F63 /* AppDelegate.swift in Sources */ = {isa = PBXBuildFile; fileRef = B226F4032B061AD300E10F63 /* AppDelegate.swift */; };
		B226F4062B061AD300E10F63 /* SceneDelegate.swift in Sources */ = {isa = PBXBuildFile; fileRef = B226F4052B061AD300E10F63 /* SceneDelegate.swift */; };
		B226F40D2B061AD900E10F63 /* Assets.xcassets in Resources */ = {isa = PBXBuildFile; fileRef = B226F40C2B061AD900E10F63 /* Assets.xcassets */; };
		B226F4102B061AD900E10F63 /* LaunchScreen.storyboard in Resources */ = {isa = PBXBuildFile; fileRef = B226F40E2B061AD900E10F63 /* LaunchScreen.storyboard */; };
		B226F41B2B061AD900E10F63 /* CafesPlatformTests.swift in Sources */ = {isa = PBXBuildFile; fileRef = B226F41A2B061AD900E10F63 /* CafesPlatformTests.swift */; };
		B226F4252B061AD900E10F63 /* CafesPlatformUITests.swift in Sources */ = {isa = PBXBuildFile; fileRef = B226F4242B061AD900E10F63 /* CafesPlatformUITests.swift */; };
		B226F4272B061ADA00E10F63 /* CafesPlatformUITestsLaunchTests.swift in Sources */ = {isa = PBXBuildFile; fileRef = B226F4262B061ADA00E10F63 /* CafesPlatformUITestsLaunchTests.swift */; };
/* End PBXBuildFile section */

/* Begin PBXContainerItemProxy section */
		B226F4172B061AD900E10F63 /* PBXContainerItemProxy */ = {
			isa = PBXContainerItemProxy;
			containerPortal = B226F3F82B061AD300E10F63 /* Project object */;
			proxyType = 1;
			remoteGlobalIDString = B226F3FF2B061AD300E10F63;
			remoteInfo = CafesPlatform;
		};
		B226F4212B061AD900E10F63 /* PBXContainerItemProxy */ = {
			isa = PBXContainerItemProxy;
			containerPortal = B226F3F82B061AD300E10F63 /* Project object */;
			proxyType = 1;
			remoteGlobalIDString = B226F3FF2B061AD300E10F63;
			remoteInfo = CafesPlatform;
		};
/* End PBXContainerItemProxy section */

/* Begin PBXFileReference section */
		B22447642B06EF75001E2BEB /* JoinMainViewController.swift */ = {isa = PBXFileReference; lastKnownFileType = sourcecode.swift; path = JoinMainViewController.swift; sourceTree = "<group>"; };
		B22447752B06F816001E2BEB /* Application.swift */ = {isa = PBXFileReference; lastKnownFileType = sourcecode.swift; path = Application.swift; sourceTree = "<group>"; };
		B22447772B06F895001E2BEB /* AppDependencies.swift */ = {isa = PBXFileReference; lastKnownFileType = sourcecode.swift; path = AppDependencies.swift; sourceTree = "<group>"; };
		B22447792B06F996001E2BEB /* AppConfiguration.swift */ = {isa = PBXFileReference; lastKnownFileType = sourcecode.swift; path = AppConfiguration.swift; sourceTree = "<group>"; };
		B22447832B0853AD001E2BEB /* JoinMainViewModel.swift */ = {isa = PBXFileReference; lastKnownFileType = sourcecode.swift; path = JoinMainViewModel.swift; sourceTree = "<group>"; };
		B22447852B0853E3001E2BEB /* ApplyJoinUseCase.swift */ = {isa = PBXFileReference; lastKnownFileType = sourcecode.swift; path = ApplyJoinUseCase.swift; sourceTree = "<group>"; };
		B22447872B085407001E2BEB /* JoinRepository.swift */ = {isa = PBXFileReference; lastKnownFileType = sourcecode.swift; path = JoinRepository.swift; sourceTree = "<group>"; };
		B22447892B085424001E2BEB /* JoinResultEntity.swift */ = {isa = PBXFileReference; lastKnownFileType = sourcecode.swift; path = JoinResultEntity.swift; sourceTree = "<group>"; };
		B224478B2B08ACD2001E2BEB /* AppCoordinator.swift */ = {isa = PBXFileReference; lastKnownFileType = sourcecode.swift; path = AppCoordinator.swift; sourceTree = "<group>"; };
		B224478D2B08B066001E2BEB /* JoinNavigator.swift */ = {isa = PBXFileReference; lastKnownFileType = sourcecode.swift; path = JoinNavigator.swift; sourceTree = "<group>"; };
		B22447902B08B0BC001E2BEB /* JoinCoordinator.swift */ = {isa = PBXFileReference; lastKnownFileType = sourcecode.swift; path = JoinCoordinator.swift; sourceTree = "<group>"; };
		B22447932B08E81B001E2BEB /* JoinResultModel.swift */ = {isa = PBXFileReference; lastKnownFileType = sourcecode.swift; path = JoinResultModel.swift; sourceTree = "<group>"; };
		B22447952B08E9A6001E2BEB /* JoinMapper.swift */ = {isa = PBXFileReference; lastKnownFileType = sourcecode.swift; path = JoinMapper.swift; sourceTree = "<group>"; };
		B22447972B08EA91001E2BEB /* JoinDetailViewController.swift */ = {isa = PBXFileReference; lastKnownFileType = sourcecode.swift; path = JoinDetailViewController.swift; sourceTree = "<group>"; };
		B224479B2B08EAF4001E2BEB /* MineMainViewController.swift */ = {isa = PBXFileReference; lastKnownFileType = sourcecode.swift; path = MineMainViewController.swift; sourceTree = "<group>"; };
		B224479D2B08EB47001E2BEB /* JoinDetailViewModel.swift */ = {isa = PBXFileReference; lastKnownFileType = sourcecode.swift; path = JoinDetailViewModel.swift; sourceTree = "<group>"; };
		B226F4002B061AD300E10F63 /* CafesPlatform.app */ = {isa = PBXFileReference; explicitFileType = wrapper.application; includeInIndex = 0; path = CafesPlatform.app; sourceTree = BUILT_PRODUCTS_DIR; };
		B226F4032B061AD300E10F63 /* AppDelegate.swift */ = {isa = PBXFileReference; lastKnownFileType = sourcecode.swift; path = AppDelegate.swift; sourceTree = "<group>"; };
		B226F4052B061AD300E10F63 /* SceneDelegate.swift */ = {isa = PBXFileReference; lastKnownFileType = sourcecode.swift; path = SceneDelegate.swift; sourceTree = "<group>"; };
		B226F40C2B061AD900E10F63 /* Assets.xcassets */ = {isa = PBXFileReference; lastKnownFileType = folder.assetcatalog; path = Assets.xcassets; sourceTree = "<group>"; };
		B226F40F2B061AD900E10F63 /* Base */ = {isa = PBXFileReference; lastKnownFileType = file.storyboard; name = Base; path = Base.lproj/LaunchScreen.storyboard; sourceTree = "<group>"; };
		B226F4112B061AD900E10F63 /* Info.plist */ = {isa = PBXFileReference; lastKnownFileType = text.plist.xml; path = Info.plist; sourceTree = "<group>"; };
		B226F4162B061AD900E10F63 /* CafesPlatformTests.xctest */ = {isa = PBXFileReference; explicitFileType = wrapper.cfbundle; includeInIndex = 0; path = CafesPlatformTests.xctest; sourceTree = BUILT_PRODUCTS_DIR; };
		B226F41A2B061AD900E10F63 /* CafesPlatformTests.swift */ = {isa = PBXFileReference; lastKnownFileType = sourcecode.swift; path = CafesPlatformTests.swift; sourceTree = "<group>"; };
		B226F4202B061AD900E10F63 /* CafesPlatformUITests.xctest */ = {isa = PBXFileReference; explicitFileType = wrapper.cfbundle; includeInIndex = 0; path = CafesPlatformUITests.xctest; sourceTree = BUILT_PRODUCTS_DIR; };
		B226F4242B061AD900E10F63 /* CafesPlatformUITests.swift */ = {isa = PBXFileReference; lastKnownFileType = sourcecode.swift; path = CafesPlatformUITests.swift; sourceTree = "<group>"; };
		B226F4262B061ADA00E10F63 /* CafesPlatformUITestsLaunchTests.swift */ = {isa = PBXFileReference; lastKnownFileType = sourcecode.swift; path = CafesPlatformUITestsLaunchTests.swift; sourceTree = "<group>"; };
/* End PBXFileReference section */

/* Begin PBXFrameworksBuildPhase section */
		B226F3FD2B061AD300E10F63 /* Frameworks */ = {
			isa = PBXFrameworksBuildPhase;
			buildActionMask = 2147483647;
			files = (
				B22447742B06F3F0001E2BEB /* Integration in Frameworks */,
			);
			runOnlyForDeploymentPostprocessing = 0;
		};
		B226F4132B061AD900E10F63 /* Frameworks */ = {
			isa = PBXFrameworksBuildPhase;
			buildActionMask = 2147483647;
			files = (
			);
			runOnlyForDeploymentPostprocessing = 0;
		};
		B226F41D2B061AD900E10F63 /* Frameworks */ = {
			isa = PBXFrameworksBuildPhase;
			buildActionMask = 2147483647;
			files = (
			);
			runOnlyForDeploymentPostprocessing = 0;
		};
/* End PBXFrameworksBuildPhase section */

/* Begin PBXGroup section */
		B22447662B06F125001E2BEB /* Domain */ = {
			isa = PBXGroup;
			children = (
				B22447812B0852E2001E2BEB /* Repositories */,
				B224477F2B0852D0001E2BEB /* Entities */,
				B224477E2B0852A7001E2BEB /* UseCases */,
			);
			path = Domain;
			sourceTree = "<group>";
		};
		B22447672B06F12B001E2BEB /* Data */ = {
			isa = PBXGroup;
			children = (
				B22447822B085361001E2BEB /* Repositories */,
			);
			path = Data;
			sourceTree = "<group>";
		};
		B22447682B06F147001E2BEB /* Resources */ = {
			isa = PBXGroup;
			children = (
				B226F40C2B061AD900E10F63 /* Assets.xcassets */,
				B226F40E2B061AD900E10F63 /* LaunchScreen.storyboard */,
				B226F4112B061AD900E10F63 /* Info.plist */,
			);
			path = Resources;
			sourceTree = "<group>";
		};
		B224477B2B08523A001E2BEB /* Join */ = {
			isa = PBXGroup;
			children = (
				B22447922B08E80A001E2BEB /* Model */,
				B224478F2B08B0A6001E2BEB /* Coordinator */,
				B224477D2B08527E001E2BEB /* ViewModel */,
				B224477C2B085254001E2BEB /* View */,
			);
			path = Join;
			sourceTree = "<group>";
		};
		B224477C2B085254001E2BEB /* View */ = {
			isa = PBXGroup;
			children = (
				B22447642B06EF75001E2BEB /* JoinMainViewController.swift */,
				B22447972B08EA91001E2BEB /* JoinDetailViewController.swift */,
			);
			path = View;
			sourceTree = "<group>";
		};
		B224477D2B08527E001E2BEB /* ViewModel */ = {
			isa = PBXGroup;
			children = (
				B22447832B0853AD001E2BEB /* JoinMainViewModel.swift */,
				B224479D2B08EB47001E2BEB /* JoinDetailViewModel.swift */,
			);
			path = ViewModel;
			sourceTree = "<group>";
		};
		B224477E2B0852A7001E2BEB /* UseCases */ = {
			isa = PBXGroup;
			children = (
				B22447852B0853E3001E2BEB /* ApplyJoinUseCase.swift */,
			);
			path = UseCases;
			sourceTree = "<group>";
		};
		B224477F2B0852D0001E2BEB /* Entities */ = {
			isa = PBXGroup;
			children = (
				B22447892B085424001E2BEB /* JoinResultEntity.swift */,
			);
			path = Entities;
			sourceTree = "<group>";
		};
		B22447812B0852E2001E2BEB /* Repositories */ = {
			isa = PBXGroup;
			children = (
				B22447872B085407001E2BEB /* JoinRepository.swift */,
			);
			path = Repositories;
			sourceTree = "<group>";
		};
		B22447822B085361001E2BEB /* Repositories */ = {
			isa = PBXGroup;
			children = (
			);
			path = Repositories;
			sourceTree = "<group>";
		};
		B224478F2B08B0A6001E2BEB /* Coordinator */ = {
			isa = PBXGroup;
			children = (
				B224478D2B08B066001E2BEB /* JoinNavigator.swift */,
				B22447902B08B0BC001E2BEB /* JoinCoordinator.swift */,
			);
			path = Coordinator;
			sourceTree = "<group>";
		};
		B22447922B08E80A001E2BEB /* Model */ = {
			isa = PBXGroup;
			children = (
				B22447932B08E81B001E2BEB /* JoinResultModel.swift */,
				B22447952B08E9A6001E2BEB /* JoinMapper.swift */,
			);
			path = Model;
			sourceTree = "<group>";
		};
		B22447992B08EADC001E2BEB /* Mine */ = {
			isa = PBXGroup;
			children = (
				B224479A2B08EAE4001E2BEB /* VIew */,
			);
			path = Mine;
			sourceTree = "<group>";
		};
		B224479A2B08EAE4001E2BEB /* VIew */ = {
			isa = PBXGroup;
			children = (
				B224479B2B08EAF4001E2BEB /* MineMainViewController.swift */,
			);
			path = VIew;
			sourceTree = "<group>";
		};
		B226F3F72B061AD300E10F63 = {
			isa = PBXGroup;
			children = (
				B226F4022B061AD300E10F63 /* CafesPlatform */,
				B226F4192B061AD900E10F63 /* CafesPlatformTests */,
				B226F4232B061AD900E10F63 /* CafesPlatformUITests */,
				B226F4012B061AD300E10F63 /* Products */,
			);
			sourceTree = "<group>";
		};
		B226F4012B061AD300E10F63 /* Products */ = {
			isa = PBXGroup;
			children = (
				B226F4002B061AD300E10F63 /* CafesPlatform.app */,
				B226F4162B061AD900E10F63 /* CafesPlatformTests.xctest */,
				B226F4202B061AD900E10F63 /* CafesPlatformUITests.xctest */,
			);
			name = Products;
			sourceTree = "<group>";
		};
		B226F4022B061AD300E10F63 /* CafesPlatform */ = {
			isa = PBXGroup;
			children = (
				B226F4332B061B4B00E10F63 /* Application */,
				B226F4342B061BCD00E10F63 /* Scenes */,
				B22447662B06F125001E2BEB /* Domain */,
				B22447672B06F12B001E2BEB /* Data */,
				B22447682B06F147001E2BEB /* Resources */,
			);
			path = CafesPlatform;
			sourceTree = "<group>";
		};
		B226F4192B061AD900E10F63 /* CafesPlatformTests */ = {
			isa = PBXGroup;
			children = (
				B226F41A2B061AD900E10F63 /* CafesPlatformTests.swift */,
			);
			path = CafesPlatformTests;
			sourceTree = "<group>";
		};
		B226F4232B061AD900E10F63 /* CafesPlatformUITests */ = {
			isa = PBXGroup;
			children = (
				B226F4242B061AD900E10F63 /* CafesPlatformUITests.swift */,
				B226F4262B061ADA00E10F63 /* CafesPlatformUITestsLaunchTests.swift */,
			);
			path = CafesPlatformUITests;
			sourceTree = "<group>";
		};
		B226F4332B061B4B00E10F63 /* Application */ = {
			isa = PBXGroup;
			children = (
				B226F4032B061AD300E10F63 /* AppDelegate.swift */,
				B226F4052B061AD300E10F63 /* SceneDelegate.swift */,
				B22447752B06F816001E2BEB /* Application.swift */,
				B22447772B06F895001E2BEB /* AppDependencies.swift */,
				B22447792B06F996001E2BEB /* AppConfiguration.swift */,
				B224478B2B08ACD2001E2BEB /* AppCoordinator.swift */,
			);
			path = Application;
			sourceTree = "<group>";
		};
		B226F4342B061BCD00E10F63 /* Scenes */ = {
			isa = PBXGroup;
			children = (
				B22447992B08EADC001E2BEB /* Mine */,
				B224477B2B08523A001E2BEB /* Join */,
			);
			path = Scenes;
			sourceTree = "<group>";
		};
/* End PBXGroup section */

/* Begin PBXNativeTarget section */
		B226F3FF2B061AD300E10F63 /* CafesPlatform */ = {
			isa = PBXNativeTarget;
			buildConfigurationList = B226F42A2B061ADA00E10F63 /* Build configuration list for PBXNativeTarget "CafesPlatform" */;
			buildPhases = (
				B226F3FC2B061AD300E10F63 /* Sources */,
				B226F3FD2B061AD300E10F63 /* Frameworks */,
				B226F3FE2B061AD300E10F63 /* Resources */,
			);
			buildRules = (
			);
			dependencies = (
			);
			name = CafesPlatform;
			packageProductDependencies = (
				B22447732B06F3F0001E2BEB /* Integration */,
			);
			productName = CafesPlatform;
			productReference = B226F4002B061AD300E10F63 /* CafesPlatform.app */;
			productType = "com.apple.product-type.application";
		};
		B226F4152B061AD900E10F63 /* CafesPlatformTests */ = {
			isa = PBXNativeTarget;
			buildConfigurationList = B226F42D2B061ADA00E10F63 /* Build configuration list for PBXNativeTarget "CafesPlatformTests" */;
			buildPhases = (
				B226F4122B061AD900E10F63 /* Sources */,
				B226F4132B061AD900E10F63 /* Frameworks */,
				B226F4142B061AD900E10F63 /* Resources */,
			);
			buildRules = (
			);
			dependencies = (
				B226F4182B061AD900E10F63 /* PBXTargetDependency */,
			);
			name = CafesPlatformTests;
			productName = CafesPlatformTests;
			productReference = B226F4162B061AD900E10F63 /* CafesPlatformTests.xctest */;
			productType = "com.apple.product-type.bundle.unit-test";
		};
		B226F41F2B061AD900E10F63 /* CafesPlatformUITests */ = {
			isa = PBXNativeTarget;
			buildConfigurationList = B226F4302B061ADA00E10F63 /* Build configuration list for PBXNativeTarget "CafesPlatformUITests" */;
			buildPhases = (
				B226F41C2B061AD900E10F63 /* Sources */,
				B226F41D2B061AD900E10F63 /* Frameworks */,
				B226F41E2B061AD900E10F63 /* Resources */,
			);
			buildRules = (
			);
			dependencies = (
				B226F4222B061AD900E10F63 /* PBXTargetDependency */,
			);
			name = CafesPlatformUITests;
			productName = CafesPlatformUITests;
			productReference = B226F4202B061AD900E10F63 /* CafesPlatformUITests.xctest */;
			productType = "com.apple.product-type.bundle.ui-testing";
		};
/* End PBXNativeTarget section */

/* Begin PBXProject section */
		B226F3F82B061AD300E10F63 /* Project object */ = {
			isa = PBXProject;
			attributes = {
				BuildIndependentTargetsInParallel = 1;
				LastSwiftUpdateCheck = 1500;
				LastUpgradeCheck = 1500;
				TargetAttributes = {
					B226F3FF2B061AD300E10F63 = {
						CreatedOnToolsVersion = 15.0;
					};
					B226F4152B061AD900E10F63 = {
						CreatedOnToolsVersion = 15.0;
						TestTargetID = B226F3FF2B061AD300E10F63;
					};
					B226F41F2B061AD900E10F63 = {
						CreatedOnToolsVersion = 15.0;
						TestTargetID = B226F3FF2B061AD300E10F63;
					};
				};
			};
			buildConfigurationList = B226F3FB2B061AD300E10F63 /* Build configuration list for PBXProject "CafesPlatform" */;
			compatibilityVersion = "Xcode 14.0";
			developmentRegion = en;
			hasScannedForEncodings = 0;
			knownRegions = (
				en,
				Base,
			);
			mainGroup = B226F3F72B061AD300E10F63;
			packageReferences = (
				B22447722B06F3F0001E2BEB /* XCLocalSwiftPackageReference "CafesPlatform/Packages/Integration" */,
			);
			productRefGroup = B226F4012B061AD300E10F63 /* Products */;
			projectDirPath = "";
			projectRoot = "";
			targets = (
				B226F3FF2B061AD300E10F63 /* CafesPlatform */,
				B226F4152B061AD900E10F63 /* CafesPlatformTests */,
				B226F41F2B061AD900E10F63 /* CafesPlatformUITests */,
			);
		};
/* End PBXProject section */

/* Begin PBXResourcesBuildPhase section */
		B226F3FE2B061AD300E10F63 /* Resources */ = {
			isa = PBXResourcesBuildPhase;
			buildActionMask = 2147483647;
			files = (
				B226F4102B061AD900E10F63 /* LaunchScreen.storyboard in Resources */,
				B226F40D2B061AD900E10F63 /* Assets.xcassets in Resources */,
			);
			runOnlyForDeploymentPostprocessing = 0;
		};
		B226F4142B061AD900E10F63 /* Resources */ = {
			isa = PBXResourcesBuildPhase;
			buildActionMask = 2147483647;
			files = (
			);
			runOnlyForDeploymentPostprocessing = 0;
		};
		B226F41E2B061AD900E10F63 /* Resources */ = {
			isa = PBXResourcesBuildPhase;
			buildActionMask = 2147483647;
			files = (
			);
			runOnlyForDeploymentPostprocessing = 0;
		};
/* End PBXResourcesBuildPhase section */

/* Begin PBXSourcesBuildPhase section */
		B226F3FC2B061AD300E10F63 /* Sources */ = {
			isa = PBXSourcesBuildPhase;
			buildActionMask = 2147483647;
			files = (
				B22447912B08B0BC001E2BEB /* JoinCoordinator.swift in Sources */,
				B224479C2B08EAF4001E2BEB /* MineMainViewController.swift in Sources */,
				B224478C2B08ACD2001E2BEB /* AppCoordinator.swift in Sources */,
				B224479E2B08EB47001E2BEB /* JoinDetailViewModel.swift in Sources */,
				B22447962B08E9A6001E2BEB /* JoinMapper.swift in Sources */,
				B22447862B0853E3001E2BEB /* ApplyJoinUseCase.swift in Sources */,
				B22447782B06F895001E2BEB /* AppDependencies.swift in Sources */,
				B22447762B06F816001E2BEB /* Application.swift in Sources */,
				B22447882B085407001E2BEB /* JoinRepository.swift in Sources */,
				B224478E2B08B066001E2BEB /* JoinNavigator.swift in Sources */,
				B226F4042B061AD300E10F63 /* AppDelegate.swift in Sources */,
				B226F4062B061AD300E10F63 /* SceneDelegate.swift in Sources */,
				B22447842B0853AD001E2BEB /* JoinMainViewModel.swift in Sources */,
				B22447982B08EA91001E2BEB /* JoinDetailViewController.swift in Sources */,
				B22447942B08E81B001E2BEB /* JoinResultModel.swift in Sources */,
				B224477A2B06F996001E2BEB /* AppConfiguration.swift in Sources */,
				B22447652B06EF75001E2BEB /* JoinMainViewController.swift in Sources */,
				B224478A2B085424001E2BEB /* JoinResultEntity.swift in Sources */,
			);
			runOnlyForDeploymentPostprocessing = 0;
		};
		B226F4122B061AD900E10F63 /* Sources */ = {
			isa = PBXSourcesBuildPhase;
			buildActionMask = 2147483647;
			files = (
				B226F41B2B061AD900E10F63 /* CafesPlatformTests.swift in Sources */,
			);
			runOnlyForDeploymentPostprocessing = 0;
		};
		B226F41C2B061AD900E10F63 /* Sources */ = {
			isa = PBXSourcesBuildPhase;
			buildActionMask = 2147483647;
			files = (
				B226F4272B061ADA00E10F63 /* CafesPlatformUITestsLaunchTests.swift in Sources */,
				B226F4252B061AD900E10F63 /* CafesPlatformUITests.swift in Sources */,
			);
			runOnlyForDeploymentPostprocessing = 0;
		};
/* End PBXSourcesBuildPhase section */

/* Begin PBXTargetDependency section */
		B226F4182B061AD900E10F63 /* PBXTargetDependency */ = {
			isa = PBXTargetDependency;
			target = B226F3FF2B061AD300E10F63 /* CafesPlatform */;
			targetProxy = B226F4172B061AD900E10F63 /* PBXContainerItemProxy */;
		};
		B226F4222B061AD900E10F63 /* PBXTargetDependency */ = {
			isa = PBXTargetDependency;
			target = B226F3FF2B061AD300E10F63 /* CafesPlatform */;
			targetProxy = B226F4212B061AD900E10F63 /* PBXContainerItemProxy */;
		};
/* End PBXTargetDependency section */

/* Begin PBXVariantGroup section */
		B226F40E2B061AD900E10F63 /* LaunchScreen.storyboard */ = {
			isa = PBXVariantGroup;
			children = (
				B226F40F2B061AD900E10F63 /* Base */,
			);
			name = LaunchScreen.storyboard;
			sourceTree = "<group>";
		};
/* End PBXVariantGroup section */

/* Begin XCBuildConfiguration section */
		B226F4282B061ADA00E10F63 /* Debug */ = {
			isa = XCBuildConfiguration;
			buildSettings = {
				ALWAYS_SEARCH_USER_PATHS = NO;
				ASSETCATALOG_COMPILER_GENERATE_SWIFT_ASSET_SYMBOL_EXTENSIONS = YES;
				CLANG_ANALYZER_NONNULL = YES;
				CLANG_ANALYZER_NUMBER_OBJECT_CONVERSION = YES_AGGRESSIVE;
				CLANG_CXX_LANGUAGE_STANDARD = "gnu++20";
				CLANG_ENABLE_MODULES = YES;
				CLANG_ENABLE_OBJC_ARC = YES;
				CLANG_ENABLE_OBJC_WEAK = YES;
				CLANG_WARN_BLOCK_CAPTURE_AUTORELEASING = YES;
				CLANG_WARN_BOOL_CONVERSION = YES;
				CLANG_WARN_COMMA = YES;
				CLANG_WARN_CONSTANT_CONVERSION = YES;
				CLANG_WARN_DEPRECATED_OBJC_IMPLEMENTATIONS = YES;
				CLANG_WARN_DIRECT_OBJC_ISA_USAGE = YES_ERROR;
				CLANG_WARN_DOCUMENTATION_COMMENTS = YES;
				CLANG_WARN_EMPTY_BODY = YES;
				CLANG_WARN_ENUM_CONVERSION = YES;
				CLANG_WARN_INFINITE_RECURSION = YES;
				CLANG_WARN_INT_CONVERSION = YES;
				CLANG_WARN_NON_LITERAL_NULL_CONVERSION = YES;
				CLANG_WARN_OBJC_IMPLICIT_RETAIN_SELF = YES;
				CLANG_WARN_OBJC_LITERAL_CONVERSION = YES;
				CLANG_WARN_OBJC_ROOT_CLASS = YES_ERROR;
				CLANG_WARN_QUOTED_INCLUDE_IN_FRAMEWORK_HEADER = YES;
				CLANG_WARN_RANGE_LOOP_ANALYSIS = YES;
				CLANG_WARN_STRICT_PROTOTYPES = YES;
				CLANG_WARN_SUSPICIOUS_MOVE = YES;
				CLANG_WARN_UNGUARDED_AVAILABILITY = YES_AGGRESSIVE;
				CLANG_WARN_UNREACHABLE_CODE = YES;
				CLANG_WARN__DUPLICATE_METHOD_MATCH = YES;
				COPY_PHASE_STRIP = NO;
				DEBUG_INFORMATION_FORMAT = dwarf;
				ENABLE_STRICT_OBJC_MSGSEND = YES;
				ENABLE_TESTABILITY = YES;
				ENABLE_USER_SCRIPT_SANDBOXING = YES;
				GCC_C_LANGUAGE_STANDARD = gnu17;
				GCC_DYNAMIC_NO_PIC = NO;
				GCC_NO_COMMON_BLOCKS = YES;
				GCC_OPTIMIZATION_LEVEL = 0;
				GCC_PREPROCESSOR_DEFINITIONS = (
					"DEBUG=1",
					"$(inherited)",
				);
				GCC_WARN_64_TO_32_BIT_CONVERSION = YES;
				GCC_WARN_ABOUT_RETURN_TYPE = YES_ERROR;
				GCC_WARN_UNDECLARED_SELECTOR = YES;
				GCC_WARN_UNINITIALIZED_AUTOS = YES_AGGRESSIVE;
				GCC_WARN_UNUSED_FUNCTION = YES;
				GCC_WARN_UNUSED_VARIABLE = YES;
				IPHONEOS_DEPLOYMENT_TARGET = 13.0;
				LOCALIZATION_PREFERS_STRING_CATALOGS = YES;
				MTL_ENABLE_DEBUG_INFO = INCLUDE_SOURCE;
				MTL_FAST_MATH = YES;
				ONLY_ACTIVE_ARCH = YES;
				SDKROOT = iphoneos;
				SWIFT_ACTIVE_COMPILATION_CONDITIONS = "DEBUG $(inherited)";
				SWIFT_OPTIMIZATION_LEVEL = "-Onone";
			};
			name = Debug;
		};
		B226F4292B061ADA00E10F63 /* Release */ = {
			isa = XCBuildConfiguration;
			buildSettings = {
				ALWAYS_SEARCH_USER_PATHS = NO;
				ASSETCATALOG_COMPILER_GENERATE_SWIFT_ASSET_SYMBOL_EXTENSIONS = YES;
				CLANG_ANALYZER_NONNULL = YES;
				CLANG_ANALYZER_NUMBER_OBJECT_CONVERSION = YES_AGGRESSIVE;
				CLANG_CXX_LANGUAGE_STANDARD = "gnu++20";
				CLANG_ENABLE_MODULES = YES;
				CLANG_ENABLE_OBJC_ARC = YES;
				CLANG_ENABLE_OBJC_WEAK = YES;
				CLANG_WARN_BLOCK_CAPTURE_AUTORELEASING = YES;
				CLANG_WARN_BOOL_CONVERSION = YES;
				CLANG_WARN_COMMA = YES;
				CLANG_WARN_CONSTANT_CONVERSION = YES;
				CLANG_WARN_DEPRECATED_OBJC_IMPLEMENTATIONS = YES;
				CLANG_WARN_DIRECT_OBJC_ISA_USAGE = YES_ERROR;
				CLANG_WARN_DOCUMENTATION_COMMENTS = YES;
				CLANG_WARN_EMPTY_BODY = YES;
				CLANG_WARN_ENUM_CONVERSION = YES;
				CLANG_WARN_INFINITE_RECURSION = YES;
				CLANG_WARN_INT_CONVERSION = YES;
				CLANG_WARN_NON_LITERAL_NULL_CONVERSION = YES;
				CLANG_WARN_OBJC_IMPLICIT_RETAIN_SELF = YES;
				CLANG_WARN_OBJC_LITERAL_CONVERSION = YES;
				CLANG_WARN_OBJC_ROOT_CLASS = YES_ERROR;
				CLANG_WARN_QUOTED_INCLUDE_IN_FRAMEWORK_HEADER = YES;
				CLANG_WARN_RANGE_LOOP_ANALYSIS = YES;
				CLANG_WARN_STRICT_PROTOTYPES = YES;
				CLANG_WARN_SUSPICIOUS_MOVE = YES;
				CLANG_WARN_UNGUARDED_AVAILABILITY = YES_AGGRESSIVE;
				CLANG_WARN_UNREACHABLE_CODE = YES;
				CLANG_WARN__DUPLICATE_METHOD_MATCH = YES;
				COPY_PHASE_STRIP = NO;
				DEBUG_INFORMATION_FORMAT = "dwarf-with-dsym";
				ENABLE_NS_ASSERTIONS = NO;
				ENABLE_STRICT_OBJC_MSGSEND = YES;
				ENABLE_USER_SCRIPT_SANDBOXING = YES;
				GCC_C_LANGUAGE_STANDARD = gnu17;
				GCC_NO_COMMON_BLOCKS = YES;
				GCC_WARN_64_TO_32_BIT_CONVERSION = YES;
				GCC_WARN_ABOUT_RETURN_TYPE = YES_ERROR;
				GCC_WARN_UNDECLARED_SELECTOR = YES;
				GCC_WARN_UNINITIALIZED_AUTOS = YES_AGGRESSIVE;
				GCC_WARN_UNUSED_FUNCTION = YES;
				GCC_WARN_UNUSED_VARIABLE = YES;
				IPHONEOS_DEPLOYMENT_TARGET = 13.0;
				LOCALIZATION_PREFERS_STRING_CATALOGS = YES;
				MTL_ENABLE_DEBUG_INFO = NO;
				MTL_FAST_MATH = YES;
				SDKROOT = iphoneos;
				SWIFT_COMPILATION_MODE = wholemodule;
				VALIDATE_PRODUCT = YES;
			};
			name = Release;
		};
		B226F42B2B061ADA00E10F63 /* Debug */ = {
			isa = XCBuildConfiguration;
			buildSettings = {
				ASSETCATALOG_COMPILER_APPICON_NAME = AppIcon;
				ASSETCATALOG_COMPILER_GLOBAL_ACCENT_COLOR_NAME = AccentColor;
				CODE_SIGN_STYLE = Automatic;
				CURRENT_PROJECT_VERSION = 1;
				GENERATE_INFOPLIST_FILE = YES;
				INFOPLIST_FILE = CafesPlatform/Resources/Info.plist;
				INFOPLIST_KEY_UIApplicationSupportsIndirectInputEvents = YES;
				INFOPLIST_KEY_UILaunchStoryboardName = LaunchScreen;
				INFOPLIST_KEY_UIMainStoryboardFile = "";
				INFOPLIST_KEY_UISupportedInterfaceOrientations_iPad = "UIInterfaceOrientationPortrait UIInterfaceOrientationPortraitUpsideDown UIInterfaceOrientationLandscapeLeft UIInterfaceOrientationLandscapeRight";
				INFOPLIST_KEY_UISupportedInterfaceOrientations_iPhone = "UIInterfaceOrientationPortrait UIInterfaceOrientationLandscapeLeft UIInterfaceOrientationLandscapeRight";
				LD_RUNPATH_SEARCH_PATHS = (
					"$(inherited)",
					"@executable_path/Frameworks",
				);
				MARKETING_VERSION = 1.0;
				PRODUCT_BUNDLE_IDENTIFIER = com.monkey.CafesPlatform;
				PRODUCT_NAME = "$(TARGET_NAME)";
				SWIFT_EMIT_LOC_STRINGS = YES;
				SWIFT_VERSION = 5.0;
				TARGETED_DEVICE_FAMILY = "1,2";
			};
			name = Debug;
		};
		B226F42C2B061ADA00E10F63 /* Release */ = {
			isa = XCBuildConfiguration;
			buildSettings = {
				ASSETCATALOG_COMPILER_APPICON_NAME = AppIcon;
				ASSETCATALOG_COMPILER_GLOBAL_ACCENT_COLOR_NAME = AccentColor;
				CODE_SIGN_STYLE = Automatic;
				CURRENT_PROJECT_VERSION = 1;
				GENERATE_INFOPLIST_FILE = YES;
				INFOPLIST_FILE = CafesPlatform/Resources/Info.plist;
				INFOPLIST_KEY_UIApplicationSupportsIndirectInputEvents = YES;
				INFOPLIST_KEY_UILaunchStoryboardName = LaunchScreen;
				INFOPLIST_KEY_UIMainStoryboardFile = "";
				INFOPLIST_KEY_UISupportedInterfaceOrientations_iPad = "UIInterfaceOrientationPortrait UIInterfaceOrientationPortraitUpsideDown UIInterfaceOrientationLandscapeLeft UIInterfaceOrientationLandscapeRight";
				INFOPLIST_KEY_UISupportedInterfaceOrientations_iPhone = "UIInterfaceOrientationPortrait UIInterfaceOrientationLandscapeLeft UIInterfaceOrientationLandscapeRight";
				LD_RUNPATH_SEARCH_PATHS = (
					"$(inherited)",
					"@executable_path/Frameworks",
				);
				MARKETING_VERSION = 1.0;
				PRODUCT_BUNDLE_IDENTIFIER = com.monkey.CafesPlatform;
				PRODUCT_NAME = "$(TARGET_NAME)";
				SWIFT_EMIT_LOC_STRINGS = YES;
				SWIFT_VERSION = 5.0;
				TARGETED_DEVICE_FAMILY = "1,2";
			};
			name = Release;
		};
		B226F42E2B061ADA00E10F63 /* Debug */ = {
			isa = XCBuildConfiguration;
			buildSettings = {
				ALWAYS_EMBED_SWIFT_STANDARD_LIBRARIES = YES;
				BUNDLE_LOADER = "$(TEST_HOST)";
				CODE_SIGN_STYLE = Automatic;
				CURRENT_PROJECT_VERSION = 1;
				GENERATE_INFOPLIST_FILE = YES;
				IPHONEOS_DEPLOYMENT_TARGET = 17.0;
				MARKETING_VERSION = 1.0;
				PRODUCT_BUNDLE_IDENTIFIER = com.monkey.CafesPlatformTests;
				PRODUCT_NAME = "$(TARGET_NAME)";
				SWIFT_EMIT_LOC_STRINGS = NO;
				SWIFT_VERSION = 5.0;
				TARGETED_DEVICE_FAMILY = "1,2";
				TEST_HOST = "$(BUILT_PRODUCTS_DIR)/CafesPlatform.app/$(BUNDLE_EXECUTABLE_FOLDER_PATH)/CafesPlatform";
			};
			name = Debug;
		};
		B226F42F2B061ADA00E10F63 /* Release */ = {
			isa = XCBuildConfiguration;
			buildSettings = {
				ALWAYS_EMBED_SWIFT_STANDARD_LIBRARIES = YES;
				BUNDLE_LOADER = "$(TEST_HOST)";
				CODE_SIGN_STYLE = Automatic;
				CURRENT_PROJECT_VERSION = 1;
				GENERATE_INFOPLIST_FILE = YES;
				IPHONEOS_DEPLOYMENT_TARGET = 17.0;
				MARKETING_VERSION = 1.0;
				PRODUCT_BUNDLE_IDENTIFIER = com.monkey.CafesPlatformTests;
				PRODUCT_NAME = "$(TARGET_NAME)";
				SWIFT_EMIT_LOC_STRINGS = NO;
				SWIFT_VERSION = 5.0;
				TARGETED_DEVICE_FAMILY = "1,2";
				TEST_HOST = "$(BUILT_PRODUCTS_DIR)/CafesPlatform.app/$(BUNDLE_EXECUTABLE_FOLDER_PATH)/CafesPlatform";
			};
			name = Release;
		};
		B226F4312B061ADA00E10F63 /* Debug */ = {
			isa = XCBuildConfiguration;
			buildSettings = {
				ALWAYS_EMBED_SWIFT_STANDARD_LIBRARIES = YES;
				CODE_SIGN_STYLE = Automatic;
				CURRENT_PROJECT_VERSION = 1;
				GENERATE_INFOPLIST_FILE = YES;
				MARKETING_VERSION = 1.0;
				PRODUCT_BUNDLE_IDENTIFIER = com.monkey.CafesPlatformUITests;
				PRODUCT_NAME = "$(TARGET_NAME)";
				SWIFT_EMIT_LOC_STRINGS = NO;
				SWIFT_VERSION = 5.0;
				TARGETED_DEVICE_FAMILY = "1,2";
				TEST_TARGET_NAME = CafesPlatform;
			};
			name = Debug;
		};
		B226F4322B061ADA00E10F63 /* Release */ = {
			isa = XCBuildConfiguration;
			buildSettings = {
				ALWAYS_EMBED_SWIFT_STANDARD_LIBRARIES = YES;
				CODE_SIGN_STYLE = Automatic;
				CURRENT_PROJECT_VERSION = 1;
				GENERATE_INFOPLIST_FILE = YES;
				MARKETING_VERSION = 1.0;
				PRODUCT_BUNDLE_IDENTIFIER = com.monkey.CafesPlatformUITests;
				PRODUCT_NAME = "$(TARGET_NAME)";
				SWIFT_EMIT_LOC_STRINGS = NO;
				SWIFT_VERSION = 5.0;
				TARGETED_DEVICE_FAMILY = "1,2";
				TEST_TARGET_NAME = CafesPlatform;
			};
			name = Release;
		};
/* End XCBuildConfiguration section */

/* Begin XCConfigurationList section */
		B226F3FB2B061AD300E10F63 /* Build configuration list for PBXProject "CafesPlatform" */ = {
			isa = XCConfigurationList;
			buildConfigurations = (
				B226F4282B061ADA00E10F63 /* Debug */,
				B226F4292B061ADA00E10F63 /* Release */,
			);
			defaultConfigurationIsVisible = 0;
			defaultConfigurationName = Release;
		};
		B226F42A2B061ADA00E10F63 /* Build configuration list for PBXNativeTarget "CafesPlatform" */ = {
			isa = XCConfigurationList;
			buildConfigurations = (
				B226F42B2B061ADA00E10F63 /* Debug */,
				B226F42C2B061ADA00E10F63 /* Release */,
			);
			defaultConfigurationIsVisible = 0;
			defaultConfigurationName = Release;
		};
		B226F42D2B061ADA00E10F63 /* Build configuration list for PBXNativeTarget "CafesPlatformTests" */ = {
			isa = XCConfigurationList;
			buildConfigurations = (
				B226F42E2B061ADA00E10F63 /* Debug */,
				B226F42F2B061ADA00E10F63 /* Release */,
			);
			defaultConfigurationIsVisible = 0;
			defaultConfigurationName = Release;
		};
		B226F4302B061ADA00E10F63 /* Build configuration list for PBXNativeTarget "CafesPlatformUITests" */ = {
			isa = XCConfigurationList;
			buildConfigurations = (
				B226F4312B061ADA00E10F63 /* Debug */,
				B226F4322B061ADA00E10F63 /* Release */,
			);
			defaultConfigurationIsVisible = 0;
			defaultConfigurationName = Release;
		};
/* End XCConfigurationList section */

/* Begin XCLocalSwiftPackageReference section */
		B22447722B06F3F0001E2BEB /* XCLocalSwiftPackageReference "CafesPlatform/Packages/Integration" */ = {
			isa = XCLocalSwiftPackageReference;
			relativePath = CafesPlatform/Packages/Integration;
		};
/* End XCLocalSwiftPackageReference section */

/* Begin XCSwiftPackageProductDependency section */
		B22447732B06F3F0001E2BEB /* Integration */ = {
			isa = XCSwiftPackageProductDependency;
			productName = Integration;
		};
/* End XCSwiftPackageProductDependency section */
	};
	rootObject = B226F3F82B061AD300E10F63 /* Project object */;
}
